lockfileVersion: '9.0'

settings:
  autoInstallPeers: true
  excludeLinksFromLockfile: false

importers:

  .:
    devDependencies:
      '@playwright/test':
        specifier: ^1.49.0
        version: 1.63.0
      '@types/node':
        specifier: ^20.0.0
        version: 20.19.43
      '@types/ws':
        specifier: ^8.18.2
        version: 8.18.2
      ws:
        specifier: ^8.22.0
        version: 8.22.0

packages:

  '@playwright/test@1.63.0':
    resolution: {integrity: sha512-oxMK4vllB9RK5NQ2l1pq1IfOf2AvnEuj/vYGDj0H2nMtmtZpKtCwt/l00GEO6xjGfpBNAvjovvYdCm50dRQkpQ==}
    engines: {node: '>=20'}
    hasBin: true

  '@types/node@20.19.43':
    resolution: {integrity: sha512-6oYBAi5ikg4Pl+kGsoYtawUMBT2zZMCvPNF7pVLnHZfd1zf38DRiWn/gT01RYCdUqkv7Fhr+C9ot4/tb+2sVvA==}

  '@types/ws@8.18.2':
    resolution: {integrity: sha512-67MQl+fpWKVTT1NYdnmo3U4sc/xPo/zQBncVnI74qmQa0z/b+1g6iYqNmGCPbxO+zz2aklb08a0oHfegiVd0/w==}

  playwright-core@1.63.0:
    resolution: {integrity: sha512-rYCsBF/M5HjUch52bbtVONEFjv6Xu8sm8h72dNlR5bzIE1fvC/bxgspzkjSfU+MweEMmPM8KJebG6nnyxo5mCg==}
    engines: {node: '>=20'}
    hasBin: true

  playwright@1.63.0:
    resolution: {integrity: sha512-+7ziBLidS4NaNCdt57SUDT+wYmmd5fmiQejUic/kb+YsYSCPyOOE9sebzMjNmQrsnNpDJqd4WHvV/8lfKfUDUg==}
    engines: {node: '>=20'}
    hasBin: true

  undici-types@6.21.0:
    resolution: {integrity: sha512-iwDZqg0QAGrg9Rav5H4n0M64c3mkR59cJ6wQp+7C4nI0gsmExaedaYLNO44eT4AtBBwjbTiGPMlt2Md0T9H9JQ==}

  ws@8.22.0:
    resolution: {integrity: sha512-Ydggc987+RO0AnWtZ/7Wq9FtNvcrL1b/RO0ud9mWjUPgDrsAAwQSF51sm2hm1XofbU/4jkpGEsLFsZZxU+1DOg==}
    engines: {node: '>=10.0.0'}
    peerDependencies:
      bufferutil: ^4.0.1
      utf-8-validate: '>=5.0.2'
    peerDependenciesMeta:
      bufferutil:
        optional: true
      utf-8-validate:
        optional: true

snapshots:

  '@playwright/test@1.63.0':
    dependencies:
      playwright: 1.63.0

  '@types/node@20.19.43':
    dependencies:
      undici-types: 6.21.0

  '@types/ws@8.18.2':
    dependencies:
      '@types/node': 20.19.43

  playwright-core@1.63.0: {}

  playwright@1.63.0:
    dependencies:
      playwright-core: 1.63.0

  undici-types@6.21.0: {}

  ws@8.22.0: {}
